// !$*UTF8*$!
{
	archiveVersion = 1;
	classes = {
	};
	objectVersion = 56;
	objects = {

/* Begin PBXBuildFile section */
		9D6540292A40EF1D00EDAE2C /* AppDelegate.swift in Sources */ = {isa = PBXBuildFile; fileRef = 9D6540282A40EF1D00EDAE2C /* AppDelegate.swift */; };
		9D6540322A40EF1E00EDAE2C /* Assets.xcassets in Resources */ = {isa = PBXBuildFile; fileRef = 9D6540312A40EF1E00EDAE2C /* Assets.xcassets */; };
		9D6540352A40EF1E00EDAE2C /* LaunchScreen.storyboard in Resources */ = {isa = PBXBuildFile; fileRef = 9D6540332A40EF1E00EDAE2C /* LaunchScreen.storyboard */; };
		9D65403D2A40F0DD00EDAE2C /* ViewController.swift in Sources */ = {isa = PBXBuildFile; fileRef = 9D65403C2A40F0DD00EDAE2C /* ViewController.swift */; };
		9D65403F2A40F0E500EDAE2C /* PersonViewController.swift in Sources */ = {isa = PBXBuildFile; fileRef = 9D65403E2A40F0E500EDAE2C /* PersonViewController.swift */; };
		9D6540412A40F0EE00EDAE2C /* SettingsViewController.swift in Sources */ = {isa = PBXBuildFile; fileRef = 9D6540402A40F0EE00EDAE2C /* SettingsViewController.swift */; };
		9D6540432A40F65500EDAE2C /* CatalogViewControllerKitchens.swift in Sources */ = {isa = PBXBuildFile; fileRef = 9D6540422A40F65500EDAE2C /* CatalogViewControllerKitchens.swift */; };
		9D6540452A40F88B00EDAE2C /* CatalogHeaderView.swift in Sources */ = {isa = PBXBuildFile; fileRef = 9D6540442A40F88B00EDAE2C /* CatalogHeaderView.swift */; };
		9D6540482A4236CC00EDAE2C /* FirebaseAnalytics in Frameworks */ = {isa = PBXBuildFile; productRef = 9D6540472A4236CC00EDAE2C /* FirebaseAnalytics */; };
		9D65404A2A4236CC00EDAE2C /* FirebaseAnalyticsOnDeviceConversion in Frameworks */ = {isa = PBXBuildFile; productRef = 9D6540492A4236CC00EDAE2C /* FirebaseAnalyticsOnDeviceConversion */; };
		9D65404C2A4236CC00EDAE2C /* FirebaseAnalyticsSwift in Frameworks */ = {isa = PBXBuildFile; productRef = 9D65404B2A4236CC00EDAE2C /* FirebaseAnalyticsSwift */; };
		9D65404E2A4236CD00EDAE2C /* FirebaseAnalyticsWithoutAdIdSupport in Frameworks */ = {isa = PBXBuildFile; productRef = 9D65404D2A4236CC00EDAE2C /* FirebaseAnalyticsWithoutAdIdSupport */; };
		9D6540502A4236CD00EDAE2C /* FirebaseAppCheck in Frameworks */ = {isa = PBXBuildFile; productRef = 9D65404F2A4236CD00EDAE2C /* FirebaseAppCheck */; };
		9D6540522A4236CD00EDAE2C /* FirebaseAppDistribution-Beta in Frameworks */ = {isa = PBXBuildFile; productRef = 9D6540512A4236CD00EDAE2C /* FirebaseAppDistribution-Beta */; };
		9D6540542A4236CD00EDAE2C /* FirebaseAuth in Frameworks */ = {isa = PBXBuildFile; productRef = 9D6540532A4236CD00EDAE2C /* FirebaseAuth */; };
		9D6540562A4236CD00EDAE2C /* FirebaseAuthCombine-Community in Frameworks */ = {isa = PBXBuildFile; productRef = 9D6540552A4236CD00EDAE2C /* FirebaseAuthCombine-Community */; };
		9D6540582A4236CD00EDAE2C /* FirebaseCrashlytics in Frameworks */ = {isa = PBXBuildFile; productRef = 9D6540572A4236CD00EDAE2C /* FirebaseCrashlytics */; };
		9D65405A2A4236CD00EDAE2C /* FirebaseDatabase in Frameworks */ = {isa = PBXBuildFile; productRef = 9D6540592A4236CD00EDAE2C /* FirebaseDatabase */; };
		9D65405C2A4236CD00EDAE2C /* FirebaseDatabaseSwift in Frameworks */ = {isa = PBXBuildFile; productRef = 9D65405B2A4236CD00EDAE2C /* FirebaseDatabaseSwift */; };
		9D65405E2A4236CD00EDAE2C /* FirebaseDynamicLinks in Frameworks */ = {isa = PBXBuildFile; productRef = 9D65405D2A4236CD00EDAE2C /* FirebaseDynamicLinks */; };
		9D6540602A4236CD00EDAE2C /* FirebaseFirestore in Frameworks */ = {isa = PBXBuildFile; productRef = 9D65405F2A4236CD00EDAE2C /* FirebaseFirestore */; };
		9D6540622A4236CD00EDAE2C /* FirebaseFirestoreCombine-Community in Frameworks */ = {isa = PBXBuildFile; productRef = 9D6540612A4236CD00EDAE2C /* FirebaseFirestoreCombine-Community */; };
		9D6540642A4236CD00EDAE2C /* FirebaseFirestoreSwift in Frameworks */ = {isa = PBXBuildFile; productRef = 9D6540632A4236CD00EDAE2C /* FirebaseFirestoreSwift */; };
		9D6540662A4236CD00EDAE2C /* FirebaseFunctions in Frameworks */ = {isa = PBXBuildFile; productRef = 9D6540652A4236CD00EDAE2C /* FirebaseFunctions */; };
		9D6540682A4236CD00EDAE2C /* FirebaseFunctionsCombine-Community in Frameworks */ = {isa = PBXBuildFile; productRef = 9D6540672A4236CD00EDAE2C /* FirebaseFunctionsCombine-Community */; };
		9D65406A2A4236CD00EDAE2C /* FirebaseInAppMessaging-Beta in Frameworks */ = {isa = PBXBuildFile; productRef = 9D6540692A4236CD00EDAE2C /* FirebaseInAppMessaging-Beta */; };
		9D65406C2A4236CD00EDAE2C /* FirebaseInAppMessagingSwift-Beta in Frameworks */ = {isa = PBXBuildFile; productRef = 9D65406B2A4236CD00EDAE2C /* FirebaseInAppMessagingSwift-Beta */; };
		9D65406E2A4236CD00EDAE2C /* FirebaseInstallations in Frameworks */ = {isa = PBXBuildFile; productRef = 9D65406D2A4236CD00EDAE2C /* FirebaseInstallations */; };
		9D6540702A4236CD00EDAE2C /* FirebaseMLModelDownloader in Frameworks */ = {isa = PBXBuildFile; productRef = 9D65406F2A4236CD00EDAE2C /* FirebaseMLModelDownloader */; };
		9D6540722A4236CD00EDAE2C /* FirebaseMessaging in Frameworks */ = {isa = PBXBuildFile; productRef = 9D6540712A4236CD00EDAE2C /* FirebaseMessaging */; };
		9D6540742A4236CD00EDAE2C /* FirebasePerformance in Frameworks */ = {isa = PBXBuildFile; productRef = 9D6540732A4236CD00EDAE2C /* FirebasePerformance */; };
		9D6540762A4236CD00EDAE2C /* FirebaseRemoteConfig in Frameworks */ = {isa = PBXBuildFile; productRef = 9D6540752A4236CD00EDAE2C /* FirebaseRemoteConfig */; };
		9D6540782A4236CD00EDAE2C /* FirebaseRemoteConfigSwift in Frameworks */ = {isa = PBXBuildFile; productRef = 9D6540772A4236CD00EDAE2C /* FirebaseRemoteConfigSwift */; };
		9D65407A2A4236CD00EDAE2C /* FirebaseStorage in Frameworks */ = {isa = PBXBuildFile; productRef = 9D6540792A4236CD00EDAE2C /* FirebaseStorage */; };
		9D65407C2A4236CD00EDAE2C /* FirebaseStorageCombine-Community in Frameworks */ = {isa = PBXBuildFile; productRef = 9D65407B2A4236CD00EDAE2C /* FirebaseStorageCombine-Community */; };
		9D65407E2A42E1F500EDAE2C /* CatalogTileView.swift in Sources */ = {isa = PBXBuildFile; fileRef = 9D65407D2A42E1F500EDAE2C /* CatalogTileView.swift */; };
		9D6540812A42F4CE00EDAE2C /* GoogleService-Info.plist in Resources */ = {isa = PBXBuildFile; fileRef = 9D6540802A42F4CE00EDAE2C /* GoogleService-Info.plist */; };
		9D6540832A42FABF00EDAE2C /* StorageDownload.swift in Sources */ = {isa = PBXBuildFile; fileRef = 9D6540822A42FABF00EDAE2C /* StorageDownload.swift */; };
		9D6540872A430F2200EDAE2C /* TilesName.swift in Sources */ = {isa = PBXBuildFile; fileRef = 9D6540862A430F2200EDAE2C /* TilesName.swift */; };
		9D6540892A43111A00EDAE2C /* PicturesFromFirebaseToTiles.swift in Sources */ = {isa = PBXBuildFile; fileRef = 9D6540882A43111A00EDAE2C /* PicturesFromFirebaseToTiles.swift */; };
		9D6540912A43741000EDAE2C /* DesignButton.swift in Sources */ = {isa = PBXBuildFile; fileRef = 9D6540902A43741000EDAE2C /* DesignButton.swift */; };
		9D7BF89F2A520A8800502C3C /* EntryViewController.swift in Sources */ = {isa = PBXBuildFile; fileRef = 9D7BF89E2A520A8800502C3C /* EntryViewController.swift */; };
		9D7BF8A12A5239DC00502C3C /* ForgotPasswordController.swift in Sources */ = {isa = PBXBuildFile; fileRef = 9D7BF8A02A5239DC00502C3C /* ForgotPasswordController.swift */; };
		9D7BF8A32A53423800502C3C /* ExtensionEntryViewControllerSignIn.swift in Sources */ = {isa = PBXBuildFile; fileRef = 9D7BF8A22A53423800502C3C /* ExtensionEntryViewControllerSignIn.swift */; };
		9D7BF8A52A534EDB00502C3C /* RegistrationViewController.swift in Sources */ = {isa = PBXBuildFile; fileRef = 9D7BF8A42A534EDB00502C3C /* RegistrationViewController.swift */; };
		9D7BF8A72A5362B000502C3C /* ExtensionRegistrationViewController.swift in Sources */ = {isa = PBXBuildFile; fileRef = 9D7BF8A62A5362B000502C3C /* ExtensionRegistrationViewController.swift */; };
		9DDC92882A449E79003D21E3 /* FavToFirebase.swift in Sources */ = {isa = PBXBuildFile; fileRef = 9DDC92872A449E79003D21E3 /* FavToFirebase.swift */; };
		9DDC928C2A44BBAF003D21E3 /* DownloadFavoritesFromDatabase.swift in Sources */ = {isa = PBXBuildFile; fileRef = 9DDC928B2A44BBAF003D21E3 /* DownloadFavoritesFromDatabase.swift */; };
		9DF4E2672A47834D001CA9F3 /* BlackView.swift in Sources */ = {isa = PBXBuildFile; fileRef = 9DF4E2662A47834D001CA9F3 /* BlackView.swift */; };
		9DF4E26A2A482153001CA9F3 /* Inter SemiBold.otf in Resources */ = {isa = PBXBuildFile; fileRef = 9DF4E2692A482153001CA9F3 /* Inter SemiBold.otf */; };
		9DF4E26C2A482161001CA9F3 /* Inter Bold.otf in Resources */ = {isa = PBXBuildFile; fileRef = 9DF4E26B2A482161001CA9F3 /* Inter Bold.otf */; };
		9DF4E2702A482176001CA9F3 /* Inter Light.otf in Resources */ = {isa = PBXBuildFile; fileRef = 9DF4E26F2A482176001CA9F3 /* Inter Light.otf */; };
		9DF4E2722A482186001CA9F3 /* Inter Thin.otf in Resources */ = {isa = PBXBuildFile; fileRef = 9DF4E2712A482186001CA9F3 /* Inter Thin.otf */; };
		9DF4E2742A48218E001CA9F3 /* Inter Medium.otf in Resources */ = {isa = PBXBuildFile; fileRef = 9DF4E2732A48218E001CA9F3 /* Inter Medium.otf */; };
		9DF4E2762A48276B001CA9F3 /* Inter Black.otf in Resources */ = {isa = PBXBuildFile; fileRef = 9DF4E2752A48276B001CA9F3 /* Inter Black.otf */; };
		9DF4E2782A482E53001CA9F3 /* Storyboard.storyboard in Resources */ = {isa = PBXBuildFile; fileRef = 9DF4E2772A482E53001CA9F3 /* Storyboard.storyboard */; };
		9DF4E27A2A483E36001CA9F3 /* FeedCellWardrobers.swift in Sources */ = {isa = PBXBuildFile; fileRef = 9DF4E2792A483E36001CA9F3 /* FeedCellWardrobers.swift */; };
		9DF4E27C2A4840D0001CA9F3 /* FeedFavorites.swift in Sources */ = {isa = PBXBuildFile; fileRef = 9DF4E27B2A4840D0001CA9F3 /* FeedFavorites.swift */; };
		9DF4E27F2A488728001CA9F3 /* DataModel.xcdatamodeld in Sources */ = {isa = PBXBuildFile; fileRef = 9DF4E27D2A488728001CA9F3 /* DataModel.xcdatamodeld */; };
		9DF4E2822A488C13001CA9F3 /* Entity+CoreDataClass.swift in Sources */ = {isa = PBXBuildFile; fileRef = 9DF4E2802A488C13001CA9F3 /* Entity+CoreDataClass.swift */; };
		9DF4E2832A488C13001CA9F3 /* Entity+CoreDataProperties.swift in Sources */ = {isa = PBXBuildFile; fileRef = 9DF4E2812A488C13001CA9F3 /* Entity+CoreDataProperties.swift */; };
		9DF4E2862A489097001CA9F3 /* CoreDataManager.swift in Sources */ = {isa = PBXBuildFile; fileRef = 9DF4E2852A489097001CA9F3 /* CoreDataManager.swift */; };
		9DF4E2892A48EDF5001CA9F3 /* Shiny in Frameworks */ = {isa = PBXBuildFile; productRef = 9DF4E2882A48EDF5001CA9F3 /* Shiny */; };
		9DF4E28C2A49A5ED001CA9F3 /* FavoritesCell.swift in Sources */ = {isa = PBXBuildFile; fileRef = 9DF4E28B2A49A5ED001CA9F3 /* FavoritesCell.swift */; };
		9DF4E2902A4AD6EB001CA9F3 /* MainScreenViewController.swift in Sources */ = {isa = PBXBuildFile; fileRef = 9DF4E28F2A4AD6EB001CA9F3 /* MainScreenViewController.swift */; };
		9DF4E2922A4AD826001CA9F3 /* TabBarController.swift in Sources */ = {isa = PBXBuildFile; fileRef = 9DF4E2912A4AD826001CA9F3 /* TabBarController.swift */; };
		9DF4E2942A4ADB98001CA9F3 /* FavViewController.swift in Sources */ = {isa = PBXBuildFile; fileRef = 9DF4E2932A4ADB98001CA9F3 /* FavViewController.swift */; };
		9DF4E2962A4ADFF2001CA9F3 /* FavButton.swift in Sources */ = {isa = PBXBuildFile; fileRef = 9DF4E2952A4ADFF2001CA9F3 /* FavButton.swift */; };
		9DF4E29A2A4AFE2D001CA9F3 /* FavoritesHeaderView.swift in Sources */ = {isa = PBXBuildFile; fileRef = 9DF4E2992A4AFE2D001CA9F3 /* FavoritesHeaderView.swift */; };
		9DF4E29C2A4B1864001CA9F3 /* FeedCellCollectionViewKitchens.swift in Sources */ = {isa = PBXBuildFile; fileRef = 9DF4E29B2A4B1864001CA9F3 /* FeedCellCollectionViewKitchens.swift */; };
		9DF4E29E2A4B2279001CA9F3 /* KitchensCell.swift in Sources */ = {isa = PBXBuildFile; fileRef = 9DF4E29D2A4B2279001CA9F3 /* KitchensCell.swift */; };
		9DF4E2A42A4DC3AB001CA9F3 /* SettingsHeaderView.swift in Sources */ = {isa = PBXBuildFile; fileRef = 9DF4E2A32A4DC3AB001CA9F3 /* SettingsHeaderView.swift */; };
		9DF4E2A62A4DE149001CA9F3 /* SettingsBottomView.swift in Sources */ = {isa = PBXBuildFile; fileRef = 9DF4E2A52A4DE149001CA9F3 /* SettingsBottomView.swift */; };
		9DF4E2A92A4E1917001CA9F3 /* SettingsFAQCell.swift in Sources */ = {isa = PBXBuildFile; fileRef = 9DF4E2A82A4E1917001CA9F3 /* SettingsFAQCell.swift */; };
		9DF4E2AB2A4E2D58001CA9F3 /* Colors.swift in Sources */ = {isa = PBXBuildFile; fileRef = 9DF4E2AA2A4E2D58001CA9F3 /* Colors.swift */; };
/* End PBXBuildFile section */

/* Begin PBXFileReference section */
		9D6540252A40EF1D00EDAE2C /* navigationBarSofia.app */ = {isa = PBXFileReference; explicitFileType = wrapper.application; includeInIndex = 0; path = navigationBarSofia.app; sourceTree = BUILT_PRODUCTS_DIR; };
		9D6540282A40EF1D00EDAE2C /* AppDelegate.swift */ = {isa = PBXFileReference; lastKnownFileType = sourcecode.swift; path = AppDelegate.swift; sourceTree = "<group>"; };
		9D6540312A40EF1E00EDAE2C /* Assets.xcassets */ = {isa = PBXFileReference; lastKnownFileType = folder.assetcatalog; path = Assets.xcassets; sourceTree = "<group>"; };
		9D6540342A40EF1E00EDAE2C /* Base */ = {isa = PBXFileReference; lastKnownFileType = file.storyboard; name = Base; path = Base.lproj/LaunchScreen.storyboard; sourceTree = "<group>"; };
		9D6540362A40EF1E00EDAE2C /* Info.plist */ = {isa = PBXFileReference; lastKnownFileType = text.plist.xml; path = Info.plist; sourceTree = "<group>"; };
		9D65403C2A40F0DD00EDAE2C /* ViewController.swift */ = {isa = PBXFileReference; lastKnownFileType = sourcecode.swift; path = ViewController.swift; sourceTree = "<group>"; };
		9D65403E2A40F0E500EDAE2C /* PersonViewController.swift */ = {isa = PBXFileReference; lastKnownFileType = sourcecode.swift; path = PersonViewController.swift; sourceTree = "<group>"; };
		9D6540402A40F0EE00EDAE2C /* SettingsViewController.swift */ = {isa = PBXFileReference; lastKnownFileType = sourcecode.swift; path = SettingsViewController.swift; sourceTree = "<group>"; };
		9D6540422A40F65500EDAE2C /* CatalogViewControllerKitchens.swift */ = {isa = PBXFileReference; lastKnownFileType = sourcecode.swift; path = CatalogViewControllerKitchens.swift; sourceTree = "<group>"; };
		9D6540442A40F88B00EDAE2C /* CatalogHeaderView.swift */ = {isa = PBXFileReference; lastKnownFileType = sourcecode.swift; path = CatalogHeaderView.swift; sourceTree = "<group>"; };
		9D65407D2A42E1F500EDAE2C /* CatalogTileView.swift */ = {isa = PBXFileReference; lastKnownFileType = sourcecode.swift; path = CatalogTileView.swift; sourceTree = "<group>"; };
		9D6540802A42F4CE00EDAE2C /* GoogleService-Info.plist */ = {isa = PBXFileReference; fileEncoding = 4; lastKnownFileType = text.plist.xml; path = "GoogleService-Info.plist"; sourceTree = "<group>"; };
		9D6540822A42FABF00EDAE2C /* StorageDownload.swift */ = {isa = PBXFileReference; lastKnownFileType = sourcecode.swift; path = StorageDownload.swift; sourceTree = "<group>"; };
		9D6540862A430F2200EDAE2C /* TilesName.swift */ = {isa = PBXFileReference; lastKnownFileType = sourcecode.swift; path = TilesName.swift; sourceTree = "<group>"; };
		9D6540882A43111A00EDAE2C /* PicturesFromFirebaseToTiles.swift */ = {isa = PBXFileReference; lastKnownFileType = sourcecode.swift; path = PicturesFromFirebaseToTiles.swift; sourceTree = "<group>"; };
		9D6540902A43741000EDAE2C /* DesignButton.swift */ = {isa = PBXFileReference; lastKnownFileType = sourcecode.swift; path = DesignButton.swift; sourceTree = "<group>"; };
		9D7BF89E2A520A8800502C3C /* EntryViewController.swift */ = {isa = PBXFileReference; lastKnownFileType = sourcecode.swift; path = EntryViewController.swift; sourceTree = "<group>"; };
		9D7BF8A02A5239DC00502C3C /* ForgotPasswordController.swift */ = {isa = PBXFileReference; lastKnownFileType = sourcecode.swift; path = ForgotPasswordController.swift; sourceTree = "<group>"; };
		9D7BF8A22A53423800502C3C /* ExtensionEntryViewControllerSignIn.swift */ = {isa = PBXFileReference; lastKnownFileType = sourcecode.swift; path = ExtensionEntryViewControllerSignIn.swift; sourceTree = "<group>"; };
		9D7BF8A42A534EDB00502C3C /* RegistrationViewController.swift */ = {isa = PBXFileReference; lastKnownFileType = sourcecode.swift; path = RegistrationViewController.swift; sourceTree = "<group>"; };
		9D7BF8A62A5362B000502C3C /* ExtensionRegistrationViewController.swift */ = {isa = PBXFileReference; lastKnownFileType = sourcecode.swift; path = ExtensionRegistrationViewController.swift; sourceTree = "<group>"; };
		9DDC92872A449E79003D21E3 /* FavToFirebase.swift */ = {isa = PBXFileReference; lastKnownFileType = sourcecode.swift; path = FavToFirebase.swift; sourceTree = "<group>"; };
		9DDC928B2A44BBAF003D21E3 /* DownloadFavoritesFromDatabase.swift */ = {isa = PBXFileReference; lastKnownFileType = sourcecode.swift; path = DownloadFavoritesFromDatabase.swift; sourceTree = "<group>"; };
		9DF4E2662A47834D001CA9F3 /* BlackView.swift */ = {isa = PBXFileReference; lastKnownFileType = sourcecode.swift; path = BlackView.swift; sourceTree = "<group>"; };
		9DF4E2692A482153001CA9F3 /* Inter SemiBold.otf */ = {isa = PBXFileReference; lastKnownFileType = file; path = "Inter SemiBold.otf"; sourceTree = "<group>"; };
		9DF4E26B2A482161001CA9F3 /* Inter Bold.otf */ = {isa = PBXFileReference; lastKnownFileType = file; path = "Inter Bold.otf"; sourceTree = "<group>"; };
		9DF4E26F2A482176001CA9F3 /* Inter Light.otf */ = {isa = PBXFileReference; lastKnownFileType = file; path = "Inter Light.otf"; sourceTree = "<group>"; };
		9DF4E2712A482186001CA9F3 /* Inter Thin.otf */ = {isa = PBXFileReference; lastKnownFileType = file; path = "Inter Thin.otf"; sourceTree = "<group>"; };
		9DF4E2732A48218E001CA9F3 /* Inter Medium.otf */ = {isa = PBXFileReference; lastKnownFileType = file; path = "Inter Medium.otf"; sourceTree = "<group>"; };
		9DF4E2752A48276B001CA9F3 /* Inter Black.otf */ = {isa = PBXFileReference; lastKnownFileType = file; path = "Inter Black.otf"; sourceTree = "<group>"; };
		9DF4E2772A482E53001CA9F3 /* Storyboard.storyboard */ = {isa = PBXFileReference; lastKnownFileType = file.storyboard; path = Storyboard.storyboard; sourceTree = "<group>"; };
		9DF4E2792A483E36001CA9F3 /* FeedCellWardrobers.swift */ = {isa = PBXFileReference; lastKnownFileType = sourcecode.swift; path = FeedCellWardrobers.swift; sourceTree = "<group>"; };
		9DF4E27B2A4840D0001CA9F3 /* FeedFavorites.swift */ = {isa = PBXFileReference; lastKnownFileType = sourcecode.swift; path = FeedFavorites.swift; sourceTree = "<group>"; };
		9DF4E27E2A488728001CA9F3 /* DataModel.xcdatamodel */ = {isa = PBXFileReference; lastKnownFileType = wrapper.xcdatamodel; path = DataModel.xcdatamodel; sourceTree = "<group>"; };
		9DF4E2802A488C13001CA9F3 /* Entity+CoreDataClass.swift */ = {isa = PBXFileReference; lastKnownFileType = sourcecode.swift; path = "Entity+CoreDataClass.swift"; sourceTree = "<group>"; };
		9DF4E2812A488C13001CA9F3 /* Entity+CoreDataProperties.swift */ = {isa = PBXFileReference; lastKnownFileType = sourcecode.swift; path = "Entity+CoreDataProperties.swift"; sourceTree = "<group>"; };
		9DF4E2852A489097001CA9F3 /* CoreDataManager.swift */ = {isa = PBXFileReference; lastKnownFileType = sourcecode.swift; path = CoreDataManager.swift; sourceTree = "<group>"; };
		9DF4E28B2A49A5ED001CA9F3 /* FavoritesCell.swift */ = {isa = PBXFileReference; lastKnownFileType = sourcecode.swift; path = FavoritesCell.swift; sourceTree = "<group>"; };
		9DF4E28F2A4AD6EB001CA9F3 /* MainScreenViewController.swift */ = {isa = PBXFileReference; lastKnownFileType = sourcecode.swift; path = MainScreenViewController.swift; sourceTree = "<group>"; };
		9DF4E2912A4AD826001CA9F3 /* TabBarController.swift */ = {isa = PBXFileReference; lastKnownFileType = sourcecode.swift; path = TabBarController.swift; sourceTree = "<group>"; };
		9DF4E2932A4ADB98001CA9F3 /* FavViewController.swift */ = {isa = PBXFileReference; lastKnownFileType = sourcecode.swift; path = FavViewController.swift; sourceTree = "<group>"; };
		9DF4E2952A4ADFF2001CA9F3 /* FavButton.swift */ = {isa = PBXFileReference; lastKnownFileType = sourcecode.swift; path = FavButton.swift; sourceTree = "<group>"; };
		9DF4E2992A4AFE2D001CA9F3 /* FavoritesHeaderView.swift */ = {isa = PBXFileReference; lastKnownFileType = sourcecode.swift; path = FavoritesHeaderView.swift; sourceTree = "<group>"; };
		9DF4E29B2A4B1864001CA9F3 /* FeedCellCollectionViewKitchens.swift */ = {isa = PBXFileReference; lastKnownFileType = sourcecode.swift; path = FeedCellCollectionViewKitchens.swift; sourceTree = "<group>"; };
		9DF4E29D2A4B2279001CA9F3 /* KitchensCell.swift */ = {isa = PBXFileReference; lastKnownFileType = sourcecode.swift; path = KitchensCell.swift; sourceTree = "<group>"; };
		9DF4E2A32A4DC3AB001CA9F3 /* SettingsHeaderView.swift */ = {isa = PBXFileReference; lastKnownFileType = sourcecode.swift; path = SettingsHeaderView.swift; sourceTree = "<group>"; };
		9DF4E2A52A4DE149001CA9F3 /* SettingsBottomView.swift */ = {isa = PBXFileReference; lastKnownFileType = sourcecode.swift; path = SettingsBottomView.swift; sourceTree = "<group>"; };
		9DF4E2A82A4E1917001CA9F3 /* SettingsFAQCell.swift */ = {isa = PBXFileReference; lastKnownFileType = sourcecode.swift; path = SettingsFAQCell.swift; sourceTree = "<group>"; };
		9DF4E2AA2A4E2D58001CA9F3 /* Colors.swift */ = {isa = PBXFileReference; lastKnownFileType = sourcecode.swift; path = Colors.swift; sourceTree = "<group>"; };
/* End PBXFileReference section */

/* Begin PBXFrameworksBuildPhase section */
		9D6540222A40EF1D00EDAE2C /* Frameworks */ = {
			isa = PBXFrameworksBuildPhase;
			buildActionMask = 2147483647;
			files = (
				9D65405A2A4236CD00EDAE2C /* FirebaseDatabase in Frameworks */,
				9D6540682A4236CD00EDAE2C /* FirebaseFunctionsCombine-Community in Frameworks */,
				9D6540602A4236CD00EDAE2C /* FirebaseFirestore in Frameworks */,
				9D65404C2A4236CC00EDAE2C /* FirebaseAnalyticsSwift in Frameworks */,
				9D6540482A4236CC00EDAE2C /* FirebaseAnalytics in Frameworks */,
				9D65404A2A4236CC00EDAE2C /* FirebaseAnalyticsOnDeviceConversion in Frameworks */,
				9D6540702A4236CD00EDAE2C /* FirebaseMLModelDownloader in Frameworks */,
				9D6540642A4236CD00EDAE2C /* FirebaseFirestoreSwift in Frameworks */,
				9D6540502A4236CD00EDAE2C /* FirebaseAppCheck in Frameworks */,
				9D65404E2A4236CD00EDAE2C /* FirebaseAnalyticsWithoutAdIdSupport in Frameworks */,
				9D6540542A4236CD00EDAE2C /* FirebaseAuth in Frameworks */,
				9D6540582A4236CD00EDAE2C /* FirebaseCrashlytics in Frameworks */,
				9D6540782A4236CD00EDAE2C /* FirebaseRemoteConfigSwift in Frameworks */,
				9D65406A2A4236CD00EDAE2C /* FirebaseInAppMessaging-Beta in Frameworks */,
				9D65405C2A4236CD00EDAE2C /* FirebaseDatabaseSwift in Frameworks */,
				9D6540662A4236CD00EDAE2C /* FirebaseFunctions in Frameworks */,
				9D65407C2A4236CD00EDAE2C /* FirebaseStorageCombine-Community in Frameworks */,
				9D6540762A4236CD00EDAE2C /* FirebaseRemoteConfig in Frameworks */,
				9D6540522A4236CD00EDAE2C /* FirebaseAppDistribution-Beta in Frameworks */,
				9D6540562A4236CD00EDAE2C /* FirebaseAuthCombine-Community in Frameworks */,
				9DF4E2892A48EDF5001CA9F3 /* Shiny in Frameworks */,
				9D6540742A4236CD00EDAE2C /* FirebasePerformance in Frameworks */,
				9D65406C2A4236CD00EDAE2C /* FirebaseInAppMessagingSwift-Beta in Frameworks */,
				9D65407A2A4236CD00EDAE2C /* FirebaseStorage in Frameworks */,
				9D65405E2A4236CD00EDAE2C /* FirebaseDynamicLinks in Frameworks */,
				9D6540622A4236CD00EDAE2C /* FirebaseFirestoreCombine-Community in Frameworks */,
				9D6540722A4236CD00EDAE2C /* FirebaseMessaging in Frameworks */,
				9D65406E2A4236CD00EDAE2C /* FirebaseInstallations in Frameworks */,
			);
			runOnlyForDeploymentPostprocessing = 0;
		};
/* End PBXFrameworksBuildPhase section */

/* Begin PBXGroup section */
		9D65401C2A40EF1D00EDAE2C = {
			isa = PBXGroup;
			children = (
				9D6540272A40EF1D00EDAE2C /* navigationBarSofia */,
				9D6540262A40EF1D00EDAE2C /* Products */,
			);
			sourceTree = "<group>";
		};
		9D6540262A40EF1D00EDAE2C /* Products */ = {
			isa = PBXGroup;
			children = (
				9D6540252A40EF1D00EDAE2C /* navigationBarSofia.app */,
			);
			name = Products;
			sourceTree = "<group>";
		};
		9D6540272A40EF1D00EDAE2C /* navigationBarSofia */ = {
			isa = PBXGroup;
			children = (
				9D6540282A40EF1D00EDAE2C /* AppDelegate.swift */,
				9D65403C2A40F0DD00EDAE2C /* ViewController.swift */,
				9D6540312A40EF1E00EDAE2C /* Assets.xcassets */,
				9DF4E2932A4ADB98001CA9F3 /* FavViewController.swift */,
				9D6540332A40EF1E00EDAE2C /* LaunchScreen.storyboard */,
				9DF4E2952A4ADFF2001CA9F3 /* FavButton.swift */,
				9D7BF89D2A5209D900502C3C /* Person */,
				9DF4E2AA2A4E2D58001CA9F3 /* Colors.swift */,
				9DF4E28F2A4AD6EB001CA9F3 /* MainScreenViewController.swift */,
				9DF4E2912A4AD826001CA9F3 /* TabBarController.swift */,
				9D6540902A43741000EDAE2C /* DesignButton.swift */,
				9DF4E2772A482E53001CA9F3 /* Storyboard.storyboard */,
				9DF4E2A22A4DC175001CA9F3 /* Settings */,
				9D6540822A42FABF00EDAE2C /* StorageDownload.swift */,
				9D65407F2A42F41D00EDAE2C /* Catalog */,
				9D6540362A40EF1E00EDAE2C /* Info.plist */,
				9D6540802A42F4CE00EDAE2C /* GoogleService-Info.plist */,
				9DF4E2842A488CE8001CA9F3 /* DataModel */,
				9DF4E2682A48213A001CA9F3 /* Fonts */,
			);
			path = navigationBarSofia;
			sourceTree = "<group>";
		};
		9D65407F2A42F41D00EDAE2C /* Catalog */ = {
			isa = PBXGroup;
			children = (
				9DF4E2A12A4C1A55001CA9F3 /* Headers */,
				9DDC928B2A44BBAF003D21E3 /* DownloadFavoritesFromDatabase.swift */,
				9D6540422A40F65500EDAE2C /* CatalogViewControllerKitchens.swift */,
				9DF4E29B2A4B1864001CA9F3 /* FeedCellCollectionViewKitchens.swift */,
				9DF4E2792A483E36001CA9F3 /* FeedCellWardrobers.swift */,
				9DF4E27B2A4840D0001CA9F3 /* FeedFavorites.swift */,
				9DF4E29D2A4B2279001CA9F3 /* KitchensCell.swift */,
				9DF4E28B2A49A5ED001CA9F3 /* FavoritesCell.swift */,
				9DF4E28A2A49A587001CA9F3 /* Tiles */,
				9DDC92872A449E79003D21E3 /* FavToFirebase.swift */,
			);
			path = Catalog;
			sourceTree = "<group>";
		};
		9D7BF89D2A5209D900502C3C /* Person */ = {
			isa = PBXGroup;
			children = (
				9D65403E2A40F0E500EDAE2C /* PersonViewController.swift */,
				9D7BF89E2A520A8800502C3C /* EntryViewController.swift */,
				9D7BF8A42A534EDB00502C3C /* RegistrationViewController.swift */,
				9D7BF8A22A53423800502C3C /* ExtensionEntryViewControllerSignIn.swift */,
				9D7BF8A62A5362B000502C3C /* ExtensionRegistrationViewController.swift */,
				9D7BF8A02A5239DC00502C3C /* ForgotPasswordController.swift */,
			);
			path = Person;
			sourceTree = "<group>";
		};
		9DF4E2682A48213A001CA9F3 /* Fonts */ = {
			isa = PBXGroup;
			children = (
				9DF4E2752A48276B001CA9F3 /* Inter Black.otf */,
				9DF4E26F2A482176001CA9F3 /* Inter Light.otf */,
				9DF4E26B2A482161001CA9F3 /* Inter Bold.otf */,
				9DF4E2692A482153001CA9F3 /* Inter SemiBold.otf */,
				9DF4E2732A48218E001CA9F3 /* Inter Medium.otf */,
				9DF4E2712A482186001CA9F3 /* Inter Thin.otf */,
			);
			path = Fonts;
			sourceTree = "<group>";
		};
		9DF4E2842A488CE8001CA9F3 /* DataModel */ = {
			isa = PBXGroup;
			children = (
				9DF4E2802A488C13001CA9F3 /* Entity+CoreDataClass.swift */,
				9DF4E2852A489097001CA9F3 /* CoreDataManager.swift */,
				9DF4E2812A488C13001CA9F3 /* Entity+CoreDataProperties.swift */,
				9DF4E27D2A488728001CA9F3 /* DataModel.xcdatamodeld */,
			);
			path = DataModel;
			sourceTree = "<group>";
		};
		9DF4E28A2A49A587001CA9F3 /* Tiles */ = {
			isa = PBXGroup;
			children = (
				9DF4E2662A47834D001CA9F3 /* BlackView.swift */,
				9D65407D2A42E1F500EDAE2C /* CatalogTileView.swift */,
				9D6540862A430F2200EDAE2C /* TilesName.swift */,
				9D6540882A43111A00EDAE2C /* PicturesFromFirebaseToTiles.swift */,
			);
			path = Tiles;
			sourceTree = "<group>";
		};
		9DF4E2A12A4C1A55001CA9F3 /* Headers */ = {
			isa = PBXGroup;
			children = (
				9D6540442A40F88B00EDAE2C /* CatalogHeaderView.swift */,
				9DF4E2992A4AFE2D001CA9F3 /* FavoritesHeaderView.swift */,
			);
			path = Headers;
			sourceTree = "<group>";
		};
		9DF4E2A22A4DC175001CA9F3 /* Settings */ = {
			isa = PBXGroup;
			children = (
				9D6540402A40F0EE00EDAE2C /* SettingsViewController.swift */,
				9DF4E2A32A4DC3AB001CA9F3 /* SettingsHeaderView.swift */,
				9DF4E2A52A4DE149001CA9F3 /* SettingsBottomView.swift */,
				9DF4E2A82A4E1917001CA9F3 /* SettingsFAQCell.swift */,
			);
			path = Settings;
			sourceTree = "<group>";
		};
/* End PBXGroup section */

/* Begin PBXNativeTarget section */
		9D6540242A40EF1D00EDAE2C /* navigationBarSofia */ = {
			isa = PBXNativeTarget;
			buildConfigurationList = 9D6540392A40EF1E00EDAE2C /* Build configuration list for PBXNativeTarget "navigationBarSofia" */;
			buildPhases = (
				9D6540212A40EF1D00EDAE2C /* Sources */,
				9D6540222A40EF1D00EDAE2C /* Frameworks */,
				9D6540232A40EF1D00EDAE2C /* Resources */,
			);
			buildRules = (
			);
			dependencies = (
			);
			name = navigationBarSofia;
			packageProductDependencies = (
				9D6540472A4236CC00EDAE2C /* FirebaseAnalytics */,
				9D6540492A4236CC00EDAE2C /* FirebaseAnalyticsOnDeviceConversion */,
				9D65404B2A4236CC00EDAE2C /* FirebaseAnalyticsSwift */,
				9D65404D2A4236CC00EDAE2C /* FirebaseAnalyticsWithoutAdIdSupport */,
				9D65404F2A4236CD00EDAE2C /* FirebaseAppCheck */,
				9D6540512A4236CD00EDAE2C /* FirebaseAppDistribution-Beta */,
				9D6540532A4236CD00EDAE2C /* FirebaseAuth */,
				9D6540552A4236CD00EDAE2C /* FirebaseAuthCombine-Community */,
				9D6540572A4236CD00EDAE2C /* FirebaseCrashlytics */,
				9D6540592A4236CD00EDAE2C /* FirebaseDatabase */,
				9D65405B2A4236CD00EDAE2C /* FirebaseDatabaseSwift */,
				9D65405D2A4236CD00EDAE2C /* FirebaseDynamicLinks */,
				9D65405F2A4236CD00EDAE2C /* FirebaseFirestore */,
				9D6540612A4236CD00EDAE2C /* FirebaseFirestoreCombine-Community */,
				9D6540632A4236CD00EDAE2C /* FirebaseFirestoreSwift */,
				9D6540652A4236CD00EDAE2C /* FirebaseFunctions */,
				9D6540672A4236CD00EDAE2C /* FirebaseFunctionsCombine-Community */,
				9D6540692A4236CD00EDAE2C /* FirebaseInAppMessaging-Beta */,
				9D65406B2A4236CD00EDAE2C /* FirebaseInAppMessagingSwift-Beta */,
				9D65406D2A4236CD00EDAE2C /* FirebaseInstallations */,
				9D65406F2A4236CD00EDAE2C /* FirebaseMLModelDownloader */,
				9D6540712A4236CD00EDAE2C /* FirebaseMessaging */,
				9D6540732A4236CD00EDAE2C /* FirebasePerformance */,
				9D6540752A4236CD00EDAE2C /* FirebaseRemoteConfig */,
				9D6540772A4236CD00EDAE2C /* FirebaseRemoteConfigSwift */,
				9D6540792A4236CD00EDAE2C /* FirebaseStorage */,
				9D65407B2A4236CD00EDAE2C /* FirebaseStorageCombine-Community */,
				9DF4E2882A48EDF5001CA9F3 /* Shiny */,
			);
			productName = navigationBarSofia;
			productReference = 9D6540252A40EF1D00EDAE2C /* navigationBarSofia.app */;
			productType = "com.apple.product-type.application";
		};
/* End PBXNativeTarget section */

/* Begin PBXProject section */
		9D65401D2A40EF1D00EDAE2C /* Project object */ = {
			isa = PBXProject;
			attributes = {
				BuildIndependentTargetsInParallel = 1;
				LastSwiftUpdateCheck = 1430;
				LastUpgradeCheck = 1430;
				TargetAttributes = {
					9D6540242A40EF1D00EDAE2C = {
						CreatedOnToolsVersion = 14.3.1;
					};
				};
			};
			buildConfigurationList = 9D6540202A40EF1D00EDAE2C /* Build configuration list for PBXProject "navigationBarSofia" */;
			compatibilityVersion = "Xcode 14.0";
			developmentRegion = en;
			hasScannedForEncodings = 0;
			knownRegions = (
				en,
				Base,
			);
			mainGroup = 9D65401C2A40EF1D00EDAE2C;
			packageReferences = (
				9D6540462A4236CC00EDAE2C /* XCRemoteSwiftPackageReference "firebase-ios-sdk" */,
				9DF4E2872A48EDF5001CA9F3 /* XCRemoteSwiftPackageReference "Shiny" */,
			);
			productRefGroup = 9D6540262A40EF1D00EDAE2C /* Products */;
			projectDirPath = "";
			projectRoot = "";
			targets = (
				9D6540242A40EF1D00EDAE2C /* navigationBarSofia */,
			);
		};
/* End PBXProject section */

/* Begin PBXResourcesBuildPhase section */
		9D6540232A40EF1D00EDAE2C /* Resources */ = {
			isa = PBXResourcesBuildPhase;
			buildActionMask = 2147483647;
			files = (
				9DF4E2702A482176001CA9F3 /* Inter Light.otf in Resources */,
				9DF4E2762A48276B001CA9F3 /* Inter Black.otf in Resources */,
				9D6540812A42F4CE00EDAE2C /* GoogleService-Info.plist in Resources */,
				9DF4E26C2A482161001CA9F3 /* Inter Bold.otf in Resources */,
				9D6540352A40EF1E00EDAE2C /* LaunchScreen.storyboard in Resources */,
				9D6540322A40EF1E00EDAE2C /* Assets.xcassets in Resources */,
				9DF4E26A2A482153001CA9F3 /* Inter SemiBold.otf in Resources */,
				9DF4E2742A48218E001CA9F3 /* Inter Medium.otf in Resources */,
				9DF4E2722A482186001CA9F3 /* Inter Thin.otf in Resources */,
				9DF4E2782A482E53001CA9F3 /* Storyboard.storyboard in Resources */,
			);
			runOnlyForDeploymentPostprocessing = 0;
		};
/* End PBXResourcesBuildPhase section */

/* Begin PBXSourcesBuildPhase section */
		9D6540212A40EF1D00EDAE2C /* Sources */ = {
			isa = PBXSourcesBuildPhase;
			buildActionMask = 2147483647;
			files = (
				9DF4E29A2A4AFE2D001CA9F3 /* FavoritesHeaderView.swift in Sources */,
				9D6540892A43111A00EDAE2C /* PicturesFromFirebaseToTiles.swift in Sources */,
				9DF4E2922A4AD826001CA9F3 /* TabBarController.swift in Sources */,
				9DF4E27F2A488728001CA9F3 /* DataModel.xcdatamodeld in Sources */,
				9D6540432A40F65500EDAE2C /* CatalogViewControllerKitchens.swift in Sources */,
				9D65407E2A42E1F500EDAE2C /* CatalogTileView.swift in Sources */,
				9DF4E2A62A4DE149001CA9F3 /* SettingsBottomView.swift in Sources */,
				9DF4E2832A488C13001CA9F3 /* Entity+CoreDataProperties.swift in Sources */,
				9D7BF8A32A53423800502C3C /* ExtensionEntryViewControllerSignIn.swift in Sources */,
				9DF4E2A42A4DC3AB001CA9F3 /* SettingsHeaderView.swift in Sources */,
				9DF4E2902A4AD6EB001CA9F3 /* MainScreenViewController.swift in Sources */,
				9D7BF8A72A5362B000502C3C /* ExtensionRegistrationViewController.swift in Sources */,
				9D6540912A43741000EDAE2C /* DesignButton.swift in Sources */,
				9DF4E2822A488C13001CA9F3 /* Entity+CoreDataClass.swift in Sources */,
				9DF4E29E2A4B2279001CA9F3 /* KitchensCell.swift in Sources */,
				9DF4E27A2A483E36001CA9F3 /* FeedCellWardrobers.swift in Sources */,
				9DF4E2862A489097001CA9F3 /* CoreDataManager.swift in Sources */,
				9DF4E2962A4ADFF2001CA9F3 /* FavButton.swift in Sources */,
				9D65403D2A40F0DD00EDAE2C /* ViewController.swift in Sources */,
				9D7BF89F2A520A8800502C3C /* EntryViewController.swift in Sources */,
				9DF4E2942A4ADB98001CA9F3 /* FavViewController.swift in Sources */,
				9DDC92882A449E79003D21E3 /* FavToFirebase.swift in Sources */,
				9D65403F2A40F0E500EDAE2C /* PersonViewController.swift in Sources */,
				9DF4E29C2A4B1864001CA9F3 /* FeedCellCollectionViewKitchens.swift in Sources */,
				9DF4E27C2A4840D0001CA9F3 /* FeedFavorites.swift in Sources */,
				9D6540292A40EF1D00EDAE2C /* AppDelegate.swift in Sources */,
				9DF4E28C2A49A5ED001CA9F3 /* FavoritesCell.swift in Sources */,
				9D7BF8A12A5239DC00502C3C /* ForgotPasswordController.swift in Sources */,
				9DF4E2A92A4E1917001CA9F3 /* SettingsFAQCell.swift in Sources */,
				9DF4E2AB2A4E2D58001CA9F3 /* Colors.swift in Sources */,
				9DF4E2672A47834D001CA9F3 /* BlackView.swift in Sources */,
				9D7BF8A52A534EDB00502C3C /* RegistrationViewController.swift in Sources */,
				9D6540872A430F2200EDAE2C /* TilesName.swift in Sources */,
				9D6540832A42FABF00EDAE2C /* StorageDownload.swift in Sources */,
				9DDC928C2A44BBAF003D21E3 /* DownloadFavoritesFromDatabase.swift in Sources */,
				9D6540412A40F0EE00EDAE2C /* SettingsViewController.swift in Sources */,
				9D6540452A40F88B00EDAE2C /* CatalogHeaderView.swift in Sources */,
			);
			runOnlyForDeploymentPostprocessing = 0;
		};
/* End PBXSourcesBuildPhase section */

/* Begin PBXVariantGroup section */
		9D6540332A40EF1E00EDAE2C /* LaunchScreen.storyboard */ = {
			isa = PBXVariantGroup;
			children = (
				9D6540342A40EF1E00EDAE2C /* Base */,
			);
			name = LaunchScreen.storyboard;
			sourceTree = "<group>";
		};
/* End PBXVariantGroup section */

/* Begin XCBuildConfiguration section */
		9D6540372A40EF1E00EDAE2C /* Debug */ = {
			isa = XCBuildConfiguration;
			buildSettings = {
				ALWAYS_SEARCH_USER_PATHS = NO;
				CLANG_ANALYZER_NONNULL = YES;
				CLANG_ANALYZER_NUMBER_OBJECT_CONVERSION = YES_AGGRESSIVE;
				CLANG_CXX_LANGUAGE_STANDARD = "gnu++20";
				CLANG_ENABLE_MODULES = YES;
				CLANG_ENABLE_OBJC_ARC = YES;
				CLANG_ENABLE_OBJC_WEAK = YES;
				CLANG_WARN_BLOCK_CAPTURE_AUTORELEASING = YES;
				CLANG_WARN_BOOL_CONVERSION = YES;
				CLANG_WARN_COMMA = YES;
				CLANG_WARN_CONSTANT_CONVERSION = YES;
				CLANG_WARN_DEPRECATED_OBJC_IMPLEMENTATIONS = YES;
				CLANG_WARN_DIRECT_OBJC_ISA_USAGE = YES_ERROR;
				CLANG_WARN_DOCUMENTATION_COMMENTS = YES;
				CLANG_WARN_EMPTY_BODY = YES;
				CLANG_WARN_ENUM_CONVERSION = YES;
				CLANG_WARN_INFINITE_RECURSION = YES;
				CLANG_WARN_INT_CONVERSION = YES;
				CLANG_WARN_NON_LITERAL_NULL_CONVERSION = YES;
				CLANG_WARN_OBJC_IMPLICIT_RETAIN_SELF = YES;
				CLANG_WARN_OBJC_LITERAL_CONVERSION = YES;
				CLANG_WARN_OBJC_ROOT_CLASS = YES_ERROR;
				CLANG_WARN_QUOTED_INCLUDE_IN_FRAMEWORK_HEADER = YES;
				CLANG_WARN_RANGE_LOOP_ANALYSIS = YES;
				CLANG_WARN_STRICT_PROTOTYPES = YES;
				CLANG_WARN_SUSPICIOUS_MOVE = YES;
				CLANG_WARN_UNGUARDED_AVAILABILITY = YES_AGGRESSIVE;
				CLANG_WARN_UNREACHABLE_CODE = YES;
				CLANG_WARN__DUPLICATE_METHOD_MATCH = YES;
				COPY_PHASE_STRIP = NO;
				DEBUG_INFORMATION_FORMAT = dwarf;
				ENABLE_STRICT_OBJC_MSGSEND = YES;
				ENABLE_TESTABILITY = YES;
				GCC_C_LANGUAGE_STANDARD = gnu11;
				GCC_DYNAMIC_NO_PIC = NO;
				GCC_NO_COMMON_BLOCKS = YES;
				GCC_OPTIMIZATION_LEVEL = 0;
				GCC_PREPROCESSOR_DEFINITIONS = (
					"DEBUG=1",
					"$(inherited)",
				);
				GCC_WARN_64_TO_32_BIT_CONVERSION = YES;
				GCC_WARN_ABOUT_RETURN_TYPE = YES_ERROR;
				GCC_WARN_UNDECLARED_SELECTOR = YES;
				GCC_WARN_UNINITIALIZED_AUTOS = YES_AGGRESSIVE;
				GCC_WARN_UNUSED_FUNCTION = YES;
				GCC_WARN_UNUSED_VARIABLE = YES;
				IPHONEOS_DEPLOYMENT_TARGET = 16.4;
				MTL_ENABLE_DEBUG_INFO = INCLUDE_SOURCE;
				MTL_FAST_MATH = YES;
				ONLY_ACTIVE_ARCH = YES;
				SDKROOT = iphoneos;
				SWIFT_ACTIVE_COMPILATION_CONDITIONS = DEBUG;
				SWIFT_OPTIMIZATION_LEVEL = "-Onone";
			};
			name = Debug;
		};
		9D6540382A40EF1E00EDAE2C /* Release */ = {
			isa = XCBuildConfiguration;
			buildSettings = {
				ALWAYS_SEARCH_USER_PATHS = NO;
				CLANG_ANALYZER_NONNULL = YES;
				CLANG_ANALYZER_NUMBER_OBJECT_CONVERSION = YES_AGGRESSIVE;
				CLANG_CXX_LANGUAGE_STANDARD = "gnu++20";
				CLANG_ENABLE_MODULES = YES;
				CLANG_ENABLE_OBJC_ARC = YES;
				CLANG_ENABLE_OBJC_WEAK = YES;
				CLANG_WARN_BLOCK_CAPTURE_AUTORELEASING = YES;
				CLANG_WARN_BOOL_CONVERSION = YES;
				CLANG_WARN_COMMA = YES;
				CLANG_WARN_CONSTANT_CONVERSION = YES;
				CLANG_WARN_DEPRECATED_OBJC_IMPLEMENTATIONS = YES;
				CLANG_WARN_DIRECT_OBJC_ISA_USAGE = YES_ERROR;
				CLANG_WARN_DOCUMENTATION_COMMENTS = YES;
				CLANG_WARN_EMPTY_BODY = YES;
				CLANG_WARN_ENUM_CONVERSION = YES;
				CLANG_WARN_INFINITE_RECURSION = YES;
				CLANG_WARN_INT_CONVERSION = YES;
				CLANG_WARN_NON_LITERAL_NULL_CONVERSION = YES;
				CLANG_WARN_OBJC_IMPLICIT_RETAIN_SELF = YES;
				CLANG_WARN_OBJC_LITERAL_CONVERSION = YES;
				CLANG_WARN_OBJC_ROOT_CLASS = YES_ERROR;
				CLANG_WARN_QUOTED_INCLUDE_IN_FRAMEWORK_HEADER = YES;
				CLANG_WARN_RANGE_LOOP_ANALYSIS = YES;
				CLANG_WARN_STRICT_PROTOTYPES = YES;
				CLANG_WARN_SUSPICIOUS_MOVE = YES;
				CLANG_WARN_UNGUARDED_AVAILABILITY = YES_AGGRESSIVE;
				CLANG_WARN_UNREACHABLE_CODE = YES;
				CLANG_WARN__DUPLICATE_METHOD_MATCH = YES;
				COPY_PHASE_STRIP = NO;
				DEBUG_INFORMATION_FORMAT = "dwarf-with-dsym";
				ENABLE_NS_ASSERTIONS = NO;
				ENABLE_STRICT_OBJC_MSGSEND = YES;
				GCC_C_LANGUAGE_STANDARD = gnu11;
				GCC_NO_COMMON_BLOCKS = YES;
				GCC_WARN_64_TO_32_BIT_CONVERSION = YES;
				GCC_WARN_ABOUT_RETURN_TYPE = YES_ERROR;
				GCC_WARN_UNDECLARED_SELECTOR = YES;
				GCC_WARN_UNINITIALIZED_AUTOS = YES_AGGRESSIVE;
				GCC_WARN_UNUSED_FUNCTION = YES;
				GCC_WARN_UNUSED_VARIABLE = YES;
				IPHONEOS_DEPLOYMENT_TARGET = 16.4;
				MTL_ENABLE_DEBUG_INFO = NO;
				MTL_FAST_MATH = YES;
				SDKROOT = iphoneos;
				SWIFT_COMPILATION_MODE = wholemodule;
				SWIFT_OPTIMIZATION_LEVEL = "-O";
				VALIDATE_PRODUCT = YES;
			};
			name = Release;
		};
		9D65403A2A40EF1E00EDAE2C /* Debug */ = {
			isa = XCBuildConfiguration;
			buildSettings = {
				ASSETCATALOG_COMPILER_APPICON_NAME = AppIcon;
				ASSETCATALOG_COMPILER_GLOBAL_ACCENT_COLOR_NAME = AccentColor;
				CODE_SIGN_STYLE = Automatic;
				CURRENT_PROJECT_VERSION = 1;
				DEVELOPMENT_TEAM = 34UB5HMPNV;
				GENERATE_INFOPLIST_FILE = YES;
				INFOPLIST_FILE = navigationBarSofia/Info.plist;
				INFOPLIST_KEY_UIApplicationSupportsIndirectInputEvents = YES;
				INFOPLIST_KEY_UILaunchStoryboardName = LaunchScreen;
				INFOPLIST_KEY_UISupportedInterfaceOrientations = UIInterfaceOrientationPortrait;
				INFOPLIST_KEY_UISupportedInterfaceOrientations_iPad = "UIInterfaceOrientationLandscapeLeft UIInterfaceOrientationLandscapeRight UIInterfaceOrientationPortrait UIInterfaceOrientationPortraitUpsideDown";
				IPHONEOS_DEPLOYMENT_TARGET = 16.1;
				LD_RUNPATH_SEARCH_PATHS = (
					"$(inherited)",
					"@executable_path/Frameworks",
				);
				MARKETING_VERSION = 1.0;
				PRODUCT_BUNDLE_IDENTIFIER = ilyaagoryaev.navigationBarSofia;
				PRODUCT_NAME = "$(TARGET_NAME)";
				SWIFT_EMIT_LOC_STRINGS = YES;
				SWIFT_VERSION = 5.0;
				TARGETED_DEVICE_FAMILY = "1,2";
			};
			name = Debug;
		};
		9D65403B2A40EF1E00EDAE2C /* Release */ = {
			isa = XCBuildConfiguration;
			buildSettings = {
				ASSETCATALOG_COMPILER_APPICON_NAME = AppIcon;
				ASSETCATALOG_COMPILER_GLOBAL_ACCENT_COLOR_NAME = AccentColor;
				CODE_SIGN_STYLE = Automatic;
				CURRENT_PROJECT_VERSION = 1;
				DEVELOPMENT_TEAM = 34UB5HMPNV;
				GENERATE_INFOPLIST_FILE = YES;
				INFOPLIST_FILE = navigationBarSofia/Info.plist;
				INFOPLIST_KEY_UIApplicationSupportsIndirectInputEvents = YES;
				INFOPLIST_KEY_UILaunchStoryboardName = LaunchScreen;
				INFOPLIST_KEY_UISupportedInterfaceOrientations = UIInterfaceOrientationPortrait;
				INFOPLIST_KEY_UISupportedInterfaceOrientations_iPad = "UIInterfaceOrientationLandscapeLeft UIInterfaceOrientationLandscapeRight UIInterfaceOrientationPortrait UIInterfaceOrientationPortraitUpsideDown";
				IPHONEOS_DEPLOYMENT_TARGET = 16.1;
				LD_RUNPATH_SEARCH_PATHS = (
					"$(inherited)",
					"@executable_path/Frameworks",
				);
				MARKETING_VERSION = 1.0;
				PRODUCT_BUNDLE_IDENTIFIER = ilyaagoryaev.navigationBarSofia;
				PRODUCT_NAME = "$(TARGET_NAME)";
				SWIFT_EMIT_LOC_STRINGS = YES;
				SWIFT_VERSION = 5.0;
				TARGETED_DEVICE_FAMILY = "1,2";
			};
			name = Release;
		};
/* End XCBuildConfiguration section */

/* Begin XCConfigurationList section */
		9D6540202A40EF1D00EDAE2C /* Build configuration list for PBXProject "navigationBarSofia" */ = {
			isa = XCConfigurationList;
			buildConfigurations = (
				9D6540372A40EF1E00EDAE2C /* Debug */,
				9D6540382A40EF1E00EDAE2C /* Release */,
			);
			defaultConfigurationIsVisible = 0;
			defaultConfigurationName = Release;
		};
		9D6540392A40EF1E00EDAE2C /* Build configuration list for PBXNativeTarget "navigationBarSofia" */ = {
			isa = XCConfigurationList;
			buildConfigurations = (
				9D65403A2A40EF1E00EDAE2C /* Debug */,
				9D65403B2A40EF1E00EDAE2C /* Release */,
			);
			defaultConfigurationIsVisible = 0;
			defaultConfigurationName = Release;
		};
/* End XCConfigurationList section */

/* Begin XCRemoteSwiftPackageReference section */
		9D6540462A4236CC00EDAE2C /* XCRemoteSwiftPackageReference "firebase-ios-sdk" */ = {
			isa = XCRemoteSwiftPackageReference;
			repositoryURL = "https://github.com/firebase/firebase-ios-sdk";
			requirement = {
				kind = upToNextMajorVersion;
				minimumVersion = 10.0.0;
			};
		};
		9DF4E2872A48EDF5001CA9F3 /* XCRemoteSwiftPackageReference "Shiny" */ = {
			isa = XCRemoteSwiftPackageReference;
			repositoryURL = "https://github.com/efremidze/Shiny";
			requirement = {
				kind = upToNextMajorVersion;
				minimumVersion = 2.0.0;
			};
		};
/* End XCRemoteSwiftPackageReference section */

/* Begin XCSwiftPackageProductDependency section */
		9D6540472A4236CC00EDAE2C /* FirebaseAnalytics */ = {
			isa = XCSwiftPackageProductDependency;
			package = 9D6540462A4236CC00EDAE2C /* XCRemoteSwiftPackageReference "firebase-ios-sdk" */;
			productName = FirebaseAnalytics;
		};
		9D6540492A4236CC00EDAE2C /* FirebaseAnalyticsOnDeviceConversion */ = {
			isa = XCSwiftPackageProductDependency;
			package = 9D6540462A4236CC00EDAE2C /* XCRemoteSwiftPackageReference "firebase-ios-sdk" */;
			productName = FirebaseAnalyticsOnDeviceConversion;
		};
		9D65404B2A4236CC00EDAE2C /* FirebaseAnalyticsSwift */ = {
			isa = XCSwiftPackageProductDependency;
			package = 9D6540462A4236CC00EDAE2C /* XCRemoteSwiftPackageReference "firebase-ios-sdk" */;
			productName = FirebaseAnalyticsSwift;
		};
		9D65404D2A4236CC00EDAE2C /* FirebaseAnalyticsWithoutAdIdSupport */ = {
			isa = XCSwiftPackageProductDependency;
			package = 9D6540462A4236CC00EDAE2C /* XCRemoteSwiftPackageReference "firebase-ios-sdk" */;
			productName = FirebaseAnalyticsWithoutAdIdSupport;
		};
		9D65404F2A4236CD00EDAE2C /* FirebaseAppCheck */ = {
			isa = XCSwiftPackageProductDependency;
			package = 9D6540462A4236CC00EDAE2C /* XCRemoteSwiftPackageReference "firebase-ios-sdk" */;
			productName = FirebaseAppCheck;
		};
		9D6540512A4236CD00EDAE2C /* FirebaseAppDistribution-Beta */ = {
			isa = XCSwiftPackageProductDependency;
			package = 9D6540462A4236CC00EDAE2C /* XCRemoteSwiftPackageReference "firebase-ios-sdk" */;
			productName = "FirebaseAppDistribution-Beta";
		};
		9D6540532A4236CD00EDAE2C /* FirebaseAuth */ = {
			isa = XCSwiftPackageProductDependency;
			package = 9D6540462A4236CC00EDAE2C /* XCRemoteSwiftPackageReference "firebase-ios-sdk" */;
			productName = FirebaseAuth;
		};
		9D6540552A4236CD00EDAE2C /* FirebaseAuthCombine-Community */ = {
			isa = XCSwiftPackageProductDependency;
			package = 9D6540462A4236CC00EDAE2C /* XCRemoteSwiftPackageReference "firebase-ios-sdk" */;
			productName = "FirebaseAuthCombine-Community";
		};
		9D6540572A4236CD00EDAE2C /* FirebaseCrashlytics */ = {
			isa = XCSwiftPackageProductDependency;
			package = 9D6540462A4236CC00EDAE2C /* XCRemoteSwiftPackageReference "firebase-ios-sdk" */;
			productName = FirebaseCrashlytics;
		};
		9D6540592A4236CD00EDAE2C /* FirebaseDatabase */ = {
			isa = XCSwiftPackageProductDependency;
			package = 9D6540462A4236CC00EDAE2C /* XCRemoteSwiftPackageReference "firebase-ios-sdk" */;
			productName = FirebaseDatabase;
		};
		9D65405B2A4236CD00EDAE2C /* FirebaseDatabaseSwift */ = {
			isa = XCSwiftPackageProductDependency;
			package = 9D6540462A4236CC00EDAE2C /* XCRemoteSwiftPackageReference "firebase-ios-sdk" */;
			productName = FirebaseDatabaseSwift;
		};
		9D65405D2A4236CD00EDAE2C /* FirebaseDynamicLinks */ = {
			isa = XCSwiftPackageProductDependency;
			package = 9D6540462A4236CC00EDAE2C /* XCRemoteSwiftPackageReference "firebase-ios-sdk" */;
			productName = FirebaseDynamicLinks;
		};
		9D65405F2A4236CD00EDAE2C /* FirebaseFirestore */ = {
			isa = XCSwiftPackageProductDependency;
			package = 9D6540462A4236CC00EDAE2C /* XCRemoteSwiftPackageReference "firebase-ios-sdk" */;
			productName = FirebaseFirestore;
		};
		9D6540612A4236CD00EDAE2C /* FirebaseFirestoreCombine-Community */ = {
			isa = XCSwiftPackageProductDependency;
			package = 9D6540462A4236CC00EDAE2C /* XCRemoteSwiftPackageReference "firebase-ios-sdk" */;
			productName = "FirebaseFirestoreCombine-Community";
		};
		9D6540632A4236CD00EDAE2C /* FirebaseFirestoreSwift */ = {
			isa = XCSwiftPackageProductDependency;
			package = 9D6540462A4236CC00EDAE2C /* XCRemoteSwiftPackageReference "firebase-ios-sdk" */;
			productName = FirebaseFirestoreSwift;
		};
		9D6540652A4236CD00EDAE2C /* FirebaseFunctions */ = {
			isa = XCSwiftPackageProductDependency;
			package = 9D6540462A4236CC00EDAE2C /* XCRemoteSwiftPackageReference "firebase-ios-sdk" */;
			productName = FirebaseFunctions;
		};
		9D6540672A4236CD00EDAE2C /* FirebaseFunctionsCombine-Community */ = {
			isa = XCSwiftPackageProductDependency;
			package = 9D6540462A4236CC00EDAE2C /* XCRemoteSwiftPackageReference "firebase-ios-sdk" */;
			productName = "FirebaseFunctionsCombine-Community";
		};
		9D6540692A4236CD00EDAE2C /* FirebaseInAppMessaging-Beta */ = {
			isa = XCSwiftPackageProductDependency;
			package = 9D6540462A4236CC00EDAE2C /* XCRemoteSwiftPackageReference "firebase-ios-sdk" */;
			productName = "FirebaseInAppMessaging-Beta";
		};
		9D65406B2A4236CD00EDAE2C /* FirebaseInAppMessagingSwift-Beta */ = {
			isa = XCSwiftPackageProductDependency;
			package = 9D6540462A4236CC00EDAE2C /* XCRemoteSwiftPackageReference "firebase-ios-sdk" */;
			productName = "FirebaseInAppMessagingSwift-Beta";
		};
		9D65406D2A4236CD00EDAE2C /* FirebaseInstallations */ = {
			isa = XCSwiftPackageProductDependency;
			package = 9D6540462A4236CC00EDAE2C /* XCRemoteSwiftPackageReference "firebase-ios-sdk" */;
			productName = FirebaseInstallations;
		};
		9D65406F2A4236CD00EDAE2C /* FirebaseMLModelDownloader */ = {
			isa = XCSwiftPackageProductDependency;
			package = 9D6540462A4236CC00EDAE2C /* XCRemoteSwiftPackageReference "firebase-ios-sdk" */;
			productName = FirebaseMLModelDownloader;
		};
		9D6540712A4236CD00EDAE2C /* FirebaseMessaging */ = {
			isa = XCSwiftPackageProductDependency;
			package = 9D6540462A4236CC00EDAE2C /* XCRemoteSwiftPackageReference "firebase-ios-sdk" */;
			productName = FirebaseMessaging;
		};
		9D6540732A4236CD00EDAE2C /* FirebasePerformance */ = {
			isa = XCSwiftPackageProductDependency;
			package = 9D6540462A4236CC00EDAE2C /* XCRemoteSwiftPackageReference "firebase-ios-sdk" */;
			productName = FirebasePerformance;
		};
		9D6540752A4236CD00EDAE2C /* FirebaseRemoteConfig */ = {
			isa = XCSwiftPackageProductDependency;
			package = 9D6540462A4236CC00EDAE2C /* XCRemoteSwiftPackageReference "firebase-ios-sdk" */;
			productName = FirebaseRemoteConfig;
		};
		9D6540772A4236CD00EDAE2C /* FirebaseRemoteConfigSwift */ = {
			isa = XCSwiftPackageProductDependency;
			package = 9D6540462A4236CC00EDAE2C /* XCRemoteSwiftPackageReference "firebase-ios-sdk" */;
			productName = FirebaseRemoteConfigSwift;
		};
		9D6540792A4236CD00EDAE2C /* FirebaseStorage */ = {
			isa = XCSwiftPackageProductDependency;
			package = 9D6540462A4236CC00EDAE2C /* XCRemoteSwiftPackageReference "firebase-ios-sdk" */;
			productName = FirebaseStorage;
		};
		9D65407B2A4236CD00EDAE2C /* FirebaseStorageCombine-Community */ = {
			isa = XCSwiftPackageProductDependency;
			package = 9D6540462A4236CC00EDAE2C /* XCRemoteSwiftPackageReference "firebase-ios-sdk" */;
			productName = "FirebaseStorageCombine-Community";
		};
		9DF4E2882A48EDF5001CA9F3 /* Shiny */ = {
			isa = XCSwiftPackageProductDependency;
			package = 9DF4E2872A48EDF5001CA9F3 /* XCRemoteSwiftPackageReference "Shiny" */;
			productName = Shiny;
		};
/* End XCSwiftPackageProductDependency section */

/* Begin XCVersionGroup section */
		9DF4E27D2A488728001CA9F3 /* DataModel.xcdatamodeld */ = {
			isa = XCVersionGroup;
			children = (
				9DF4E27E2A488728001CA9F3 /* DataModel.xcdatamodel */,
			);
			currentVersion = 9DF4E27E2A488728001CA9F3 /* DataModel.xcdatamodel */;
			path = DataModel.xcdatamodeld;
			sourceTree = "<group>";
			versionGroupType = wrapper.xcdatamodel;
		};
/* End XCVersionGroup section */
	};
	rootObject = 9D65401D2A40EF1D00EDAE2C /* Project object */;
}
